{
  "name": "old-v1.pinksale.finance",
  "lockfileVersion": 2,
  "requires": true,
  "packages": {
    "": {
      "dependencies": {
        "all": "^0.0.0"
      }
    },
    "node_modules/all": {
      "version": "0.0.0",
      "license": "MIT"
    }
  },
  "dependencies": {
    "all": {
      "version": "0.0.0"
    }
  }
}
